
Microsoft Visual Studio Solution File, Format Version 12.00
# Visual Studio Version 17
VisualStudioVersion = 17.11.35303.130
MinimumVisualStudioVersion = 10.0.40219.1
Project("{9A19103F-16F7-4668-BE54-9A1E7A4F7556}") = "FitSwipe.Shared", "FitSwipe.Shared\FitSwipe.Shared.csproj", "{CF40716B-4339-49BB-9E28-556A65A9C4C5}"
EndProject
Project("{9A19103F-16F7-4668-BE54-9A1E7A4F7556}") = "FitSwipe.Mobile", "FitSwipe.Mobile\FitSwipe.Mobile.csproj", "{57BF6703-349B-43A2-AF9B-A917ABBBCDFC}"
EndProject
Project("{2150E333-8FDC-42A3-9474-1A3956D46DE8}") = "Solution Items", "Solution Items", "{EE8D4118-E714-4006-83F4-F2FE432E38C6}"
	ProjectSection(SolutionItems) = preProject
		.editorconfig = .editorconfig
	EndProjectSection
EndProject
Global
	GlobalSection(SolutionConfigurationPlatforms) = preSolution
		Debug|Any CPU = Debug|Any CPU
		Release|Any CPU = Release|Any CPU
	EndGlobalSection
	GlobalSection(ProjectConfigurationPlatforms) = postSolution
		{CF40716B-4339-49BB-9E28-556A65A9C4C5}.Debug|Any CPU.ActiveCfg = Debug|Any CPU
		{CF40716B-4339-49BB-9E28-556A65A9C4C5}.Debug|Any CPU.Build.0 = Debug|Any CPU
		{CF40716B-4339-49BB-9E28-556A65A9C4C5}.Release|Any CPU.ActiveCfg = Release|Any CPU
		{CF40716B-4339-49BB-9E28-556A65A9C4C5}.Release|Any CPU.Build.0 = Release|Any CPU
		{57BF6703-349B-43A2-AF9B-A917ABBBCDFC}.Debug|Any CPU.ActiveCfg = Debug|Any CPU
		{57BF6703-349B-43A2-AF9B-A917ABBBCDFC}.Debug|Any CPU.Build.0 = Debug|Any CPU
		{57BF6703-349B-43A2-AF9B-A917ABBBCDFC}.Debug|Any CPU.Deploy.0 = Debug|Any CPU
		{57BF6703-349B-43A2-AF9B-A917ABBBCDFC}.Release|Any CPU.ActiveCfg = Release|Any CPU
		{57BF6703-349B-43A2-AF9B-A917ABBBCDFC}.Release|Any CPU.Build.0 = Release|Any CPU
		{57BF6703-349B-43A2-AF9B-A917ABBBCDFC}.Release|Any CPU.Deploy.0 = Release|Any CPU
	EndGlobalSection
	GlobalSection(SolutionProperties) = preSolution
		HideSolutionNode = FALSE
	EndGlobalSection
	GlobalSection(ExtensibilityGlobals) = postSolution
		SolutionGuid = {B00D127F-F01E-458A-AC8D-660719F0303C}
	EndGlobalSection
EndGlobal
